
Microsoft Visual Studio Solution File, Format Version 12.00
# Visual Studio Version 16
VisualStudioVersion = 16.0.29806.167
MinimumVisualStudioVersion = 10.0.40219.1
Project("{FAE04EC0-301F-11D3-BF4B-00C04F79EFBC}") = "arrayInversionsEasyWay(n^2)", "arrayInversionsEasyWay(n^2).csproj", "{2D33F5C3-6B80-4BE9-8C43-15B773B0A43A}"
EndProject
Global
	GlobalSection(SolutionConfigurationPlatforms) = preSolution
		Debug|Any CPU = Debug|Any CPU
		Release|Any CPU = Release|Any CPU
	EndGlobalSection
	GlobalSection(ProjectConfigurationPlatforms) = postSolution
		{2D33F5C3-6B80-4BE9-8C43-15B773B0A43A}.Debug|Any CPU.ActiveCfg = Debug|Any CPU
		{2D33F5C3-6B80-4BE9-8C43-15B773B0A43A}.Debug|Any CPU.Build.0 = Debug|Any CPU
		{2D33F5C3-6B80-4BE9-8C43-15B773B0A43A}.Release|Any CPU.ActiveCfg = Release|Any CPU
		{2D33F5C3-6B80-4BE9-8C43-15B773B0A43A}.Release|Any CPU.Build.0 = Release|Any CPU
	EndGlobalSection
	GlobalSection(SolutionProperties) = preSolution
		HideSolutionNode = FALSE
	EndGlobalSection
	GlobalSection(ExtensibilityGlobals) = postSolution
		SolutionGuid = {70F3B50E-5E83-4EA8-90AE-9BC1F04F75D0}
	EndGlobalSection
EndGlobal
